
Microsoft Visual Studio Solution File, Format Version 12.00
# Visual Studio 2012
Project("{FAE04EC0-301F-11D3-BF4B-00C04F79EFBC}") = "MealPrice", "MealPrice\MealPrice.csproj", "{190AE2E2-2447-46D2-B295-90606FEFCF76}"
EndProject
Global
	GlobalSection(SolutionConfigurationPlatforms) = preSolution
		Debug|x86 = Debug|x86
		Release|x86 = Release|x86
	EndGlobalSection
	GlobalSection(ProjectConfigurationPlatforms) = postSolution
		{190AE2E2-2447-46D2-B295-90606FEFCF76}.Debug|x86.ActiveCfg = Debug|x86
		{190AE2E2-2447-46D2-B295-90606FEFCF76}.Debug|x86.Build.0 = Debug|x86
		{190AE2E2-2447-46D2-B295-90606FEFCF76}.Release|x86.ActiveCfg = Release|x86
		{190AE2E2-2447-46D2-B295-90606FEFCF76}.Release|x86.Build.0 = Release|x86
	EndGlobalSection
EndGlobal
